{
  "nodes": {
    "gomod2nix": {
      "inputs": {
        "nixpkgs": [
          "zit",
          "nixpkgs"
        ],
        "utils": [
          "zit",
          "utils"
        ]
      },
      "locked": {
        "lastModified": 1677459247,
        "narHash": "sha256-JbakfAiPYmCCV224yAMq/XO0udN5coWv/oazblMKdoY=",
        "owner": "nix-community",
        "repo": "gomod2nix",
        "rev": "3cbf3a51fe32e2f57af4c52744e7228bab22983d",
        "type": "github"
      },
      "original": {
        "owner": "nix-community",
        "repo": "gomod2nix",
        "type": "github"
      }
    },
    "nixpkgs": {
      "locked": {
        "lastModified": 1689431009,
        "narHash": "sha256-hPgQCRWP5q/Xc4qOIP3c2krR9nQua78+t9EDiuey5nc=",
        "owner": "NixOS",
        "repo": "nixpkgs",
        "rev": "af8279f65fe71ce5a448408034a8c06e2b4b2c66",
        "type": "github"
      },
      "original": {
        "owner": "NixOS",
        "ref": "nixos-23.05",
        "repo": "nixpkgs",
        "type": "github"
      }
    },
    "root": {
      "inputs": {
        "nixpkgs": "nixpkgs",
        "utils": "utils",
        "zit": "zit"
      }
    },
    "systems": {
      "locked": {
        "lastModified": 1681028828,
        "narHash": "sha256-Vy1rq5AaRuLzOxct8nz4T6wlgyUR7zLU309k9mBC768=",
        "owner": "nix-systems",
        "repo": "default",
        "rev": "da67096a3b9bf56a91d16901293e51ba5b49a27e",
        "type": "github"
      },
      "original": {
        "owner": "nix-systems",
        "repo": "default",
        "type": "github"
      }
    },
    "utils": {
      "inputs": {
        "systems": "systems"
      },
      "locked": {
        "lastModified": 1689068808,
        "narHash": "sha256-6ixXo3wt24N/melDWjq70UuHQLxGV8jZvooRanIHXw0=",
        "owner": "numtide",
        "repo": "flake-utils",
        "rev": "919d646de7be200f3bf08cb76ae1f09402b6f9b4",
        "type": "github"
      },
      "original": {
        "owner": "numtide",
        "repo": "flake-utils",
        "type": "github"
      }
    },
    "zit": {
      "inputs": {
        "gomod2nix": "gomod2nix",
        "nixpkgs": [
          "nixpkgs"
        ],
        "utils": [
          "utils"
        ]
      },
      "locked": {
        "lastModified": 1689521116,
        "narHash": "sha256-I5pn1k/N8zJp6MOJpzQvYAp4Y3MvAzed+ouTKKKxtm8=",
        "owner": "friedenberg",
        "repo": "zit",
        "rev": "9c1a6837c7e0594e4a28c6a16f59e16cc5ae1f64",
        "type": "github"
      },
      "original": {
        "owner": "friedenberg",
        "repo": "zit",
        "type": "github"
      }
    }
  },
  "root": "root",
  "version": 7
}
